
Microsoft Visual Studio Solution File, Format Version 12.00
# Visual Studio 15
VisualStudioVersion = 15.0.28307.645
MinimumVisualStudioVersion = 10.0.40219.1
Project("{FAE04EC0-301F-11D3-BF4B-00C04F79EFBC}") = "AbstractClassExercisePage124", "AbstractClassExercisePage124\AbstractClassExercisePage124.csproj", "{C439CA08-0A61-4F03-A496-52A1BFB18882}"
EndProject
Global
	GlobalSection(SolutionConfigurationPlatforms) = preSolution
		Debug|Any CPU = Debug|Any CPU
		Release|Any CPU = Release|Any CPU
	EndGlobalSection
	GlobalSection(ProjectConfigurationPlatforms) = postSolution
		{C439CA08-0A61-4F03-A496-52A1BFB18882}.Debug|Any CPU.ActiveCfg = Debug|Any CPU
		{C439CA08-0A61-4F03-A496-52A1BFB18882}.Debug|Any CPU.Build.0 = Debug|Any CPU
		{C439CA08-0A61-4F03-A496-52A1BFB18882}.Release|Any CPU.ActiveCfg = Release|Any CPU
		{C439CA08-0A61-4F03-A496-52A1BFB18882}.Release|Any CPU.Build.0 = Release|Any CPU
	EndGlobalSection
	GlobalSection(SolutionProperties) = preSolution
		HideSolutionNode = FALSE
	EndGlobalSection
	GlobalSection(ExtensibilityGlobals) = postSolution
		SolutionGuid = {EA5227F7-585A-4224-9653-9F6756B37C2C}
	EndGlobalSection
EndGlobal
