
Microsoft Visual Studio Solution File, Format Version 12.00
# Visual Studio 15
VisualStudioVersion = 15.0.28307.645
MinimumVisualStudioVersion = 10.0.40219.1
Project("{FAE04EC0-301F-11D3-BF4B-00C04F79EFBC}") = "TwentyOne", "TwentyOne\TwentyOne.csproj", "{E03D104A-E546-467F-AAF3-06AA9D4DA470}"
EndProject
Project("{FAE04EC0-301F-11D3-BF4B-00C04F79EFBC}") = "Casino", "Casino\Casino.csproj", "{CE0D034C-B8DD-4353-832F-F1F0FF335C18}"
EndProject
Global
	GlobalSection(SolutionConfigurationPlatforms) = preSolution
		Debug|Any CPU = Debug|Any CPU
		Release|Any CPU = Release|Any CPU
	EndGlobalSection
	GlobalSection(ProjectConfigurationPlatforms) = postSolution
		{E03D104A-E546-467F-AAF3-06AA9D4DA470}.Debug|Any CPU.ActiveCfg = Debug|Any CPU
		{E03D104A-E546-467F-AAF3-06AA9D4DA470}.Debug|Any CPU.Build.0 = Debug|Any CPU
		{E03D104A-E546-467F-AAF3-06AA9D4DA470}.Release|Any CPU.ActiveCfg = Release|Any CPU
		{E03D104A-E546-467F-AAF3-06AA9D4DA470}.Release|Any CPU.Build.0 = Release|Any CPU
		{CE0D034C-B8DD-4353-832F-F1F0FF335C18}.Debug|Any CPU.ActiveCfg = Debug|Any CPU
		{CE0D034C-B8DD-4353-832F-F1F0FF335C18}.Debug|Any CPU.Build.0 = Debug|Any CPU
		{CE0D034C-B8DD-4353-832F-F1F0FF335C18}.Release|Any CPU.ActiveCfg = Release|Any CPU
		{CE0D034C-B8DD-4353-832F-F1F0FF335C18}.Release|Any CPU.Build.0 = Release|Any CPU
	EndGlobalSection
	GlobalSection(SolutionProperties) = preSolution
		HideSolutionNode = FALSE
	EndGlobalSection
	GlobalSection(ExtensibilityGlobals) = postSolution
		SolutionGuid = {9285350C-ED7D-4564-8B06-0B9D40761D9C}
	EndGlobalSection
EndGlobal
