
Microsoft Visual Studio Solution File, Format Version 12.00
# Visual Studio 15
VisualStudioVersion = 15.0.28307.645
MinimumVisualStudioVersion = 10.0.40219.1
Project("{FAE04EC0-301F-11D3-BF4B-00C04F79EFBC}") = "GenericClassesMethodsPage131using129", "GenericClassesMethodsPage131using129\GenericClassesMethodsPage131using129.csproj", "{7768CC11-E9E9-49A0-86D1-6558AD138BB7}"
EndProject
Global
	GlobalSection(SolutionConfigurationPlatforms) = preSolution
		Debug|Any CPU = Debug|Any CPU
		Release|Any CPU = Release|Any CPU
	EndGlobalSection
	GlobalSection(ProjectConfigurationPlatforms) = postSolution
		{7768CC11-E9E9-49A0-86D1-6558AD138BB7}.Debug|Any CPU.ActiveCfg = Debug|Any CPU
		{7768CC11-E9E9-49A0-86D1-6558AD138BB7}.Debug|Any CPU.Build.0 = Debug|Any CPU
		{7768CC11-E9E9-49A0-86D1-6558AD138BB7}.Release|Any CPU.ActiveCfg = Release|Any CPU
		{7768CC11-E9E9-49A0-86D1-6558AD138BB7}.Release|Any CPU.Build.0 = Release|Any CPU
	EndGlobalSection
	GlobalSection(SolutionProperties) = preSolution
		HideSolutionNode = FALSE
	EndGlobalSection
	GlobalSection(ExtensibilityGlobals) = postSolution
		SolutionGuid = {A5451988-AACE-4B57-A841-697979A6AE91}
	EndGlobalSection
EndGlobal
