
Microsoft Visual Studio Solution File, Format Version 12.00
# Visual Studio 15
VisualStudioVersion = 15.0.28307.645
MinimumVisualStudioVersion = 10.0.40219.1
Project("{FAE04EC0-301F-11D3-BF4B-00C04F79EFBC}") = "PackageExpressApplication", "PackageExpressApplication\PackageExpressApplication.csproj", "{4E1C2347-7E95-4699-A4F6-1CACCEC859A2}"
EndProject
Global
	GlobalSection(SolutionConfigurationPlatforms) = preSolution
		Debug|Any CPU = Debug|Any CPU
		Release|Any CPU = Release|Any CPU
	EndGlobalSection
	GlobalSection(ProjectConfigurationPlatforms) = postSolution
		{4E1C2347-7E95-4699-A4F6-1CACCEC859A2}.Debug|Any CPU.ActiveCfg = Debug|Any CPU
		{4E1C2347-7E95-4699-A4F6-1CACCEC859A2}.Debug|Any CPU.Build.0 = Debug|Any CPU
		{4E1C2347-7E95-4699-A4F6-1CACCEC859A2}.Release|Any CPU.ActiveCfg = Release|Any CPU
		{4E1C2347-7E95-4699-A4F6-1CACCEC859A2}.Release|Any CPU.Build.0 = Release|Any CPU
	EndGlobalSection
	GlobalSection(SolutionProperties) = preSolution
		HideSolutionNode = FALSE
	EndGlobalSection
	GlobalSection(ExtensibilityGlobals) = postSolution
		SolutionGuid = {4F470655-D81D-4482-95D2-9D90B3C1A5D6}
	EndGlobalSection
EndGlobal
