
Microsoft Visual Studio Solution File, Format Version 12.00
# Visual Studio 15
VisualStudioVersion = 15.0.28307.645
MinimumVisualStudioVersion = 10.0.40219.1
Project("{FAE04EC0-301F-11D3-BF4B-00C04F79EFBC}") = "AnonymousIncomeComparisonProgram", "AnonymousIncomeComparisonProgram\AnonymousIncomeComparisonProgram.csproj", "{B81A47AE-87AC-45A8-B27A-791B37D6DDBB}"
EndProject
Global
	GlobalSection(SolutionConfigurationPlatforms) = preSolution
		Debug|Any CPU = Debug|Any CPU
		Release|Any CPU = Release|Any CPU
	EndGlobalSection
	GlobalSection(ProjectConfigurationPlatforms) = postSolution
		{B81A47AE-87AC-45A8-B27A-791B37D6DDBB}.Debug|Any CPU.ActiveCfg = Debug|Any CPU
		{B81A47AE-87AC-45A8-B27A-791B37D6DDBB}.Debug|Any CPU.Build.0 = Debug|Any CPU
		{B81A47AE-87AC-45A8-B27A-791B37D6DDBB}.Release|Any CPU.ActiveCfg = Release|Any CPU
		{B81A47AE-87AC-45A8-B27A-791B37D6DDBB}.Release|Any CPU.Build.0 = Release|Any CPU
	EndGlobalSection
	GlobalSection(SolutionProperties) = preSolution
		HideSolutionNode = FALSE
	EndGlobalSection
	GlobalSection(ExtensibilityGlobals) = postSolution
		SolutionGuid = {C97B3C86-729F-4B7B-ABC2-D81F5F8FBF78}
	EndGlobalSection
EndGlobal
