
Microsoft Visual Studio Solution File, Format Version 12.00
# Visual Studio 15
VisualStudioVersion = 15.0.28307.645
MinimumVisualStudioVersion = 10.0.40219.1
Project("{FAE04EC0-301F-11D3-BF4B-00C04F79EFBC}") = "Iteration", "Iteration\Iteration.csproj", "{77534913-2B3D-43D8-9A9B-00B1E0C0B284}"
EndProject
Global
	GlobalSection(SolutionConfigurationPlatforms) = preSolution
		Debug|Any CPU = Debug|Any CPU
		Release|Any CPU = Release|Any CPU
	EndGlobalSection
	GlobalSection(ProjectConfigurationPlatforms) = postSolution
		{77534913-2B3D-43D8-9A9B-00B1E0C0B284}.Debug|Any CPU.ActiveCfg = Debug|Any CPU
		{77534913-2B3D-43D8-9A9B-00B1E0C0B284}.Debug|Any CPU.Build.0 = Debug|Any CPU
		{77534913-2B3D-43D8-9A9B-00B1E0C0B284}.Release|Any CPU.ActiveCfg = Release|Any CPU
		{77534913-2B3D-43D8-9A9B-00B1E0C0B284}.Release|Any CPU.Build.0 = Release|Any CPU
	EndGlobalSection
	GlobalSection(SolutionProperties) = preSolution
		HideSolutionNode = FALSE
	EndGlobalSection
	GlobalSection(ExtensibilityGlobals) = postSolution
		SolutionGuid = {6904A388-2C20-4887-9676-7081AB94FD2F}
	EndGlobalSection
EndGlobal
