
Microsoft Visual Studio Solution File, Format Version 12.00
# Visual Studio 15
VisualStudioVersion = 15.0.28307.645
MinimumVisualStudioVersion = 10.0.40219.1
Project("{FAE04EC0-301F-11D3-BF4B-00C04F79EFBC}") = "ConstVarChainConstructorsExPage162", "ConstVarChainConstructorsExPage162\ConstVarChainConstructorsExPage162.csproj", "{B51CE945-70AC-4BF9-AE3D-8A622EDDE802}"
EndProject
Global
	GlobalSection(SolutionConfigurationPlatforms) = preSolution
		Debug|Any CPU = Debug|Any CPU
		Release|Any CPU = Release|Any CPU
	EndGlobalSection
	GlobalSection(ProjectConfigurationPlatforms) = postSolution
		{B51CE945-70AC-4BF9-AE3D-8A622EDDE802}.Debug|Any CPU.ActiveCfg = Debug|Any CPU
		{B51CE945-70AC-4BF9-AE3D-8A622EDDE802}.Debug|Any CPU.Build.0 = Debug|Any CPU
		{B51CE945-70AC-4BF9-AE3D-8A622EDDE802}.Release|Any CPU.ActiveCfg = Release|Any CPU
		{B51CE945-70AC-4BF9-AE3D-8A622EDDE802}.Release|Any CPU.Build.0 = Release|Any CPU
	EndGlobalSection
	GlobalSection(SolutionProperties) = preSolution
		HideSolutionNode = FALSE
	EndGlobalSection
	GlobalSection(ExtensibilityGlobals) = postSolution
		SolutionGuid = {E1AF5E8C-CDE8-4764-824A-CB4BCA082B5A}
	EndGlobalSection
EndGlobal
